
Microsoft Visual Studio Solution File, Format Version 12.00
# Visual Studio Version 17
VisualStudioVersion = 17.14.36414.22 d17.14
MinimumVisualStudioVersion = 10.0.40219.1
Project("{8BC9CEB8-8B4A-11D0-8D11-00A0C91BC942}") = "Moving_Pyramid", "Moving_Pyramid\Moving_Pyramid.vcxproj", "{45AC030B-6598-4635-98D7-7370A4B5FF87}"
EndProject
Global
	GlobalSection(SolutionConfigurationPlatforms) = preSolution
		Debug|x64 = Debug|x64
		Debug|x86 = Debug|x86
		Release|x64 = Release|x64
		Release|x86 = Release|x86
	EndGlobalSection
	GlobalSection(ProjectConfigurationPlatforms) = postSolution
		{45AC030B-6598-4635-98D7-7370A4B5FF87}.Debug|x64.ActiveCfg = Debug|x64
		{45AC030B-6598-4635-98D7-7370A4B5FF87}.Debug|x64.Build.0 = Debug|x64
		{45AC030B-6598-4635-98D7-7370A4B5FF87}.Debug|x86.ActiveCfg = Debug|Win32
		{45AC030B-6598-4635-98D7-7370A4B5FF87}.Debug|x86.Build.0 = Debug|Win32
		{45AC030B-6598-4635-98D7-7370A4B5FF87}.Release|x64.ActiveCfg = Release|x64
		{45AC030B-6598-4635-98D7-7370A4B5FF87}.Release|x64.Build.0 = Release|x64
		{45AC030B-6598-4635-98D7-7370A4B5FF87}.Release|x86.ActiveCfg = Release|Win32
		{45AC030B-6598-4635-98D7-7370A4B5FF87}.Release|x86.Build.0 = Release|Win32
	EndGlobalSection
	GlobalSection(SolutionProperties) = preSolution
		HideSolutionNode = FALSE
	EndGlobalSection
	GlobalSection(ExtensibilityGlobals) = postSolution
		SolutionGuid = {9A04A294-DB32-46B6-BF14-9137B51F628B}
	EndGlobalSection
EndGlobal
